# THIS IS AN AUTOGENERATED FILE. DO NOT EDIT THIS FILE DIRECTLY.
# yarn lockfile v1


"@modelcontextprotocol/client@2.3.1":
  version "2.3.1"
  resolved "https://registry.yarnpkg.com/@modelcontextprotocol/client/-/client-2.3.1.tgz#3220735690d1f1609f77dfff8b969714c1da9dc7"
  integrity sha512-mIGZXpHsjnZ6lD+gD/WCMpR5k8yVQQ8nNFH1N0Srf7AvnwTUMYD6pvTY8ng2+He5FfV7YMZLmrjL7cLa/cc3dQ==
  dependencies:
    "@modelcontextprotocol/core" "2.3.1"
    cross-spawn "^7.0.5"
    eventsource "^3.0.2"
    eventsource-parser "^3.0.8"
    jose "^6.1.3"
    pkce-challenge "^5.0.0"
    zod "^4.2.0"

"@modelcontextprotocol/core@2.3.1":
  version "2.3.1"
  resolved "https://registry.yarnpkg.com/@modelcontextprotocol/core/-/core-2.3.1.tgz#14e177b68558bb47b584dc1457617a2155c83e73"
  integrity sha512-laVmIhPGpWi7rG9q+0UigblRN0Hws/Yjlb6qLFtVqryXVLkc4h+yN8z731POD2LnAGQlFe7/tXhUm7Bi0YB91g==
  dependencies:
    zod "^4.2.0"

"@modelcontextprotocol/server@2.3.1":
  version "2.3.1"
  resolved "https://registry.yarnpkg.com/@modelcontextprotocol/server/-/server-2.3.1.tgz#a15440d5c06f3bad67360952fe58e6965b4a4ac7"
  integrity sha512-e59MfWuSssj6DoQ96JCTqdW1AXT5/XtnTl0WWd6MU1Ka434fFUGGosCLJbGNySDhHGvxQWoRWK137FXYFkYNWw==
  dependencies:
    "@modelcontextprotocol/core" "2.3.1"
    zod "^4.2.0"

cross-spawn@^7.0.5:
  version "7.0.6"
  resolved "https://registry.yarnpkg.com/cross-spawn/-/cross-spawn-7.0.6.tgz#8a58fe78f00dcd70c370451759dfbfaf03e8ee9f"
  integrity sha512-uV2QOWP2nWzsy2aMp8aRibhi9dlzF5Hgh5SHaB9OiTGEyDTiJJyx0uy51QXdyWbtAHNua4XJzUKca3OzKUd3vA==
  dependencies:
    path-key "^3.1.0"
    shebang-command "^2.0.0"
    which "^2.0.1"

eventsource-parser@^3.0.1, eventsource-parser@^3.0.8:
  version "3.1.1"
  resolved "https://registry.yarnpkg.com/eventsource-parser/-/eventsource-parser-3.1.1.tgz#b96cbb7dace4f3774f58a9e3b1ae9a4a524872e2"
  integrity sha512-EKN1vKAMcZ8MlYMpaNuxN6R9yakzH6uajHcHVTqWJzvu5pWw9DyhbP35HH8MVBQ+dZjAfDxk+A8NiR9KWaXiyQ==

eventsource@^3.0.2:
  version "3.0.7"
  resolved "https://registry.yarnpkg.com/eventsource/-/eventsource-3.0.7.tgz#1157622e2f5377bb6aef2114372728ba0c156989"
  integrity sha512-CRT1WTyuQoD771GW56XEZFQ/ZoSfWid1alKGDYMmkt2yl8UXrVR4pspqWNEcqKvVIzg6PAltWjxcSSPrboA4iA==
  dependencies:
    eventsource-parser "^3.0.1"

isexe@^2.0.0:
  version "2.0.0"
  resolved "https://registry.yarnpkg.com/isexe/-/isexe-2.0.0.tgz#e8fbf374dc556ff8947a10dcb0572d633f2cfa10"
  integrity sha512-RHxMLp9lnKHGHRng9QFhRCMbYAcVpn69smSGcq3f36xjgVVWThj4qqLbTLlq7Ssj8B+fIQ1EuCEGI2lKsyQeIw==

jose@^6.1.3:
  version "6.2.12"
  resolved "https://registry.yarnpkg.com/jose/-/jose-6.2.12.tgz#65663e146edd010b98ece83f81737d3aa95fd0d7"
  integrity sha512-9NiFmJEex0sy2Dk58j2UGBSHgUs2ypF9eZSu4L6vjOX3Dp96Sw1F3uL+H+D1sx02jZZdzUT0HgvCy59CuvXcWw==

path-key@^3.1.0:
  version "3.1.1"
  resolved "https://registry.yarnpkg.com/path-key/-/path-key-3.1.1.tgz#581f6ade658cbba65a0d3380de7753295054f375"
  integrity sha512-ojmeN0qd+y0jszEtoY48r0Peq5dwMEkIlCOu6Q5f41lfkswXuKtYrhgoTpLnyIcHm24Uhqx+5Tqm2InSwLhE6Q==

pkce-challenge@^5.0.0:
  version "5.0.1"
  resolved "https://registry.yarnpkg.com/pkce-challenge/-/pkce-challenge-5.0.1.tgz#3b4446865b17b1745e9ace2016a31f48ddf6230d"
  integrity sha512-wQ0b/W4Fr01qtpHlqSqspcj3EhBvimsdh0KlHhH8HRZnMsEa0ea2fTULOXOS9ccQr3om+GcGRk4e+isrZWV8qQ==

shebang-command@^2.0.0:
  version "2.0.0"
  resolved "https://registry.yarnpkg.com/shebang-command/-/shebang-command-2.0.0.tgz#ccd0af4f8835fbdc265b82461aaf0c36663f34ea"
  integrity sha512-kHxr2zZpYtdmrN1qDjrrX/Z1rR1kG8Dx+gkpK1G4eXmvXswmcE1hTWBWYUzlraYw1/yZp6YuDY77YtvbN0dmDA==
  dependencies:
    shebang-regex "^3.0.0"

shebang-regex@^3.0.0:
  version "3.0.0"
  resolved "https://registry.yarnpkg.com/shebang-regex/-/shebang-regex-3.0.0.tgz#ae16f1644d873ecad843b0307b143362d4c42172"
  integrity sha512-7++dFhtcx3353uBaq8DDR4NuxBetBzC7ZQOhmTQInHEd6bSrXdiEyzCvG07Z44UYdLShWUyXt5M/yhz8ekcb1A==

which@^2.0.1:
  version "2.0.2"
  resolved "https://registry.yarnpkg.com/which/-/which-2.0.2.tgz#7c6a8dd0a636a0327e10b59c9286eee93f3f51b1"
  integrity sha512-BLI3Tl1TW3Pvl70l3yq3Y64i+awpwXqsGBYWkkqMtnbXgrMD+yj7rhW0kuEDxzJaYXGjEW5ogapKNMEKNMjibA==
  dependencies:
    isexe "^2.0.0"

yaml@^2.8.1:
  version "2.9.1"
  resolved "https://registry.yarnpkg.com/yaml/-/yaml-2.9.1.tgz#c16233fb31944e705cfefaff38795587f57588ce"
  integrity sha512-3NxN8+78OdzbT7C/WjGsyfPAtJaN3FNDsWxv7Y7mcDsT/oOmgW8BpyQQFFBnvZE3j9Y2Sdz1ULFLezL7Eb2yFw==

zod@^4.2.0:
  version "4.6.5"
  resolved "https://registry.yarnpkg.com/zod/-/zod-4.6.5.tgz#e3af3edbdc260239c52f73caad05dbbffe6e82cd"
  integrity sha512-v5l/aFXZQeai4awLbOpSoHecE9UiMrnfx75tEXLjNonXVARxQ5mOeipTjROUchszUNCqnE+hqAMujRsRHsut2Q==
